
Microsoft Visual Studio Solution File, Format Version 12.00
# Visual Studio Version 17
VisualStudioVersion = 17.8.34330.188
MinimumVisualStudioVersion = 10.0.40219.1
Project("{FAE04EC0-301F-11D3-BF4B-00C04F79EFBC}") = "CryptoClients.Net", "CryptoClients.Net\CryptoClients.Net.csproj", "{91CA0607-8A81-45BB-B4FA-7809F3F0E0C0}"
EndProject
Project("{2150E333-8FDC-42A3-9474-1A3956D46DE8}") = "Benchmark", "Benchmark", "{09EED85C-BE3C-7566-DC0E-2E8E43466740}"
EndProject
Project("{2150E333-8FDC-42A3-9474-1A3956D46DE8}") = "Client", "Client", "{B46191C0-D9DD-F25C-AC1D-B33EC4492E63}"
EndProject
Project("{FAE04EC0-301F-11D3-BF4B-00C04F79EFBC}") = "CryptoClients.Net.Benchmark.Client", "Benchmark\Client\CryptoClients.Net.Benchmark.Client.csproj", "{AEC01DE5-A5F7-4632-B4A9-829990EDF830}"
EndProject
Project("{2150E333-8FDC-42A3-9474-1A3956D46DE8}") = "Server", "Server", "{7626675D-156D-7BBB-D25E-535C993FFF8E}"
EndProject
Project("{FAE04EC0-301F-11D3-BF4B-00C04F79EFBC}") = "CryptoClients.Net.Benchmark.Server", "Benchmark\Server\CryptoClients.Net.Benchmark.Server.csproj", "{F555A82F-833E-48E7-AFBF-F90F44DF6AB9}"
EndProject
Project("{FAE04EC0-301F-11D3-BF4B-00C04F79EFBC}") = "CryptoClients.Net.UnitTests", "CryptoClients.Net.UnitTests\CryptoClients.Net.UnitTests.csproj", "{90B06A8F-9E05-6143-C9BE-D85EA76F398C}"
EndProject
Global
	GlobalSection(SolutionConfigurationPlatforms) = preSolution
		Debug|Any CPU = Debug|Any CPU
		Debug|x64 = Debug|x64
		Debug|x86 = Debug|x86
		Release|Any CPU = Release|Any CPU
		Release|x64 = Release|x64
		Release|x86 = Release|x86
	EndGlobalSection
	GlobalSection(ProjectConfigurationPlatforms) = postSolution
		{91CA0607-8A81-45BB-B4FA-7809F3F0E0C0}.Debug|Any CPU.ActiveCfg = Debug|Any CPU
		{91CA0607-8A81-45BB-B4FA-7809F3F0E0C0}.Debug|Any CPU.Build.0 = Debug|Any CPU
		{91CA0607-8A81-45BB-B4FA-7809F3F0E0C0}.Debug|x64.ActiveCfg = Debug|Any CPU
		{91CA0607-8A81-45BB-B4FA-7809F3F0E0C0}.Debug|x64.Build.0 = Debug|Any CPU
		{91CA0607-8A81-45BB-B4FA-7809F3F0E0C0}.Debug|x86.ActiveCfg = Debug|Any CPU
		{91CA0607-8A81-45BB-B4FA-7809F3F0E0C0}.Debug|x86.Build.0 = Debug|Any CPU
		{91CA0607-8A81-45BB-B4FA-7809F3F0E0C0}.Release|Any CPU.ActiveCfg = Release|Any CPU
		{91CA0607-8A81-45BB-B4FA-7809F3F0E0C0}.Release|Any CPU.Build.0 = Release|Any CPU
		{91CA0607-8A81-45BB-B4FA-7809F3F0E0C0}.Release|x64.ActiveCfg = Release|Any CPU
		{91CA0607-8A81-45BB-B4FA-7809F3F0E0C0}.Release|x64.Build.0 = Release|Any CPU
		{91CA0607-8A81-45BB-B4FA-7809F3F0E0C0}.Release|x86.ActiveCfg = Release|Any CPU
		{91CA0607-8A81-45BB-B4FA-7809F3F0E0C0}.Release|x86.Build.0 = Release|Any CPU
		{AEC01DE5-A5F7-4632-B4A9-829990EDF830}.Debug|Any CPU.ActiveCfg = Debug|Any CPU
		{AEC01DE5-A5F7-4632-B4A9-829990EDF830}.Debug|Any CPU.Build.0 = Debug|Any CPU
		{AEC01DE5-A5F7-4632-B4A9-829990EDF830}.Debug|x64.ActiveCfg = Debug|Any CPU
		{AEC01DE5-A5F7-4632-B4A9-829990EDF830}.Debug|x64.Build.0 = Debug|Any CPU
		{AEC01DE5-A5F7-4632-B4A9-829990EDF830}.Debug|x86.ActiveCfg = Debug|Any CPU
		{AEC01DE5-A5F7-4632-B4A9-829990EDF830}.Debug|x86.Build.0 = Debug|Any CPU
		{AEC01DE5-A5F7-4632-B4A9-829990EDF830}.Release|Any CPU.ActiveCfg = Release|Any CPU
		{AEC01DE5-A5F7-4632-B4A9-829990EDF830}.Release|Any CPU.Build.0 = Release|Any CPU
		{AEC01DE5-A5F7-4632-B4A9-829990EDF830}.Release|x64.ActiveCfg = Release|Any CPU
		{AEC01DE5-A5F7-4632-B4A9-829990EDF830}.Release|x64.Build.0 = Release|Any CPU
		{AEC01DE5-A5F7-4632-B4A9-829990EDF830}.Release|x86.ActiveCfg = Release|Any CPU
		{AEC01DE5-A5F7-4632-B4A9-829990EDF830}.Release|x86.Build.0 = Release|Any CPU
		{F555A82F-833E-48E7-AFBF-F90F44DF6AB9}.Debug|Any CPU.ActiveCfg = Debug|Any CPU
		{F555A82F-833E-48E7-AFBF-F90F44DF6AB9}.Debug|Any CPU.Build.0 = Debug|Any CPU
		{F555A82F-833E-48E7-AFBF-F90F44DF6AB9}.Debug|x64.ActiveCfg = Debug|Any CPU
		{F555A82F-833E-48E7-AFBF-F90F44DF6AB9}.Debug|x64.Build.0 = Debug|Any CPU
		{F555A82F-833E-48E7-AFBF-F90F44DF6AB9}.Debug|x86.ActiveCfg = Debug|Any CPU
		{F555A82F-833E-48E7-AFBF-F90F44DF6AB9}.Debug|x86.Build.0 = Debug|Any CPU
		{F555A82F-833E-48E7-AFBF-F90F44DF6AB9}.Release|Any CPU.ActiveCfg = Release|Any CPU
		{F555A82F-833E-48E7-AFBF-F90F44DF6AB9}.Release|Any CPU.Build.0 = Release|Any CPU
		{F555A82F-833E-48E7-AFBF-F90F44DF6AB9}.Release|x64.ActiveCfg = Release|Any CPU
		{F555A82F-833E-48E7-AFBF-F90F44DF6AB9}.Release|x64.Build.0 = Release|Any CPU
		{F555A82F-833E-48E7-AFBF-F90F44DF6AB9}.Release|x86.ActiveCfg = Release|Any CPU
		{F555A82F-833E-48E7-AFBF-F90F44DF6AB9}.Release|x86.Build.0 = Release|Any CPU
		{90B06A8F-9E05-6143-C9BE-D85EA76F398C}.Debug|Any CPU.ActiveCfg = Debug|Any CPU
		{90B06A8F-9E05-6143-C9BE-D85EA76F398C}.Debug|Any CPU.Build.0 = Debug|Any CPU
		{90B06A8F-9E05-6143-C9BE-D85EA76F398C}.Debug|x64.ActiveCfg = Debug|Any CPU
		{90B06A8F-9E05-6143-C9BE-D85EA76F398C}.Debug|x64.Build.0 = Debug|Any CPU
		{90B06A8F-9E05-6143-C9BE-D85EA76F398C}.Debug|x86.ActiveCfg = Debug|Any CPU
		{90B06A8F-9E05-6143-C9BE-D85EA76F398C}.Debug|x86.Build.0 = Debug|Any CPU
		{90B06A8F-9E05-6143-C9BE-D85EA76F398C}.Release|Any CPU.ActiveCfg = Release|Any CPU
		{90B06A8F-9E05-6143-C9BE-D85EA76F398C}.Release|Any CPU.Build.0 = Release|Any CPU
		{90B06A8F-9E05-6143-C9BE-D85EA76F398C}.Release|x64.ActiveCfg = Release|Any CPU
		{90B06A8F-9E05-6143-C9BE-D85EA76F398C}.Release|x64.Build.0 = Release|Any CPU
		{90B06A8F-9E05-6143-C9BE-D85EA76F398C}.Release|x86.ActiveCfg = Release|Any CPU
		{90B06A8F-9E05-6143-C9BE-D85EA76F398C}.Release|x86.Build.0 = Release|Any CPU
	EndGlobalSection
	GlobalSection(SolutionProperties) = preSolution
		HideSolutionNode = FALSE
	EndGlobalSection
	GlobalSection(NestedProjects) = preSolution
		{B46191C0-D9DD-F25C-AC1D-B33EC4492E63} = {09EED85C-BE3C-7566-DC0E-2E8E43466740}
		{AEC01DE5-A5F7-4632-B4A9-829990EDF830} = {B46191C0-D9DD-F25C-AC1D-B33EC4492E63}
		{7626675D-156D-7BBB-D25E-535C993FFF8E} = {09EED85C-BE3C-7566-DC0E-2E8E43466740}
		{F555A82F-833E-48E7-AFBF-F90F44DF6AB9} = {7626675D-156D-7BBB-D25E-535C993FFF8E}
	EndGlobalSection
	GlobalSection(ExtensibilityGlobals) = postSolution
		SolutionGuid = {0216F719-8EDE-47CA-B2AE-A99CA0A2613E}
	EndGlobalSection
EndGlobal
