
Microsoft Visual Studio Solution File, Format Version 12.00
# Visual Studio Version 17
VisualStudioVersion = 17.8.34330.188
MinimumVisualStudioVersion = 10.0.40219.1
Project("{9A19103F-16F7-4668-BE54-9A1E7A4F7556}") = "CryptoClients.Examples.Console", "CryptoClients.Examples.Console\CryptoClients.Examples.Console.csproj", "{C96AC596-0AFB-4F6B-AF43-FCEFBE4A9689}"
EndProject
Project("{9A19103F-16F7-4668-BE54-9A1E7A4F7556}") = "CryptoClients.Net", "..\CryptoClients.Net\CryptoClients.Net.csproj", "{8844B150-C6CD-437C-B038-F8E6DD5735CA}"
EndProject
Project("{9A19103F-16F7-4668-BE54-9A1E7A4F7556}") = "CryptoClients.Examples.Api", "CryptoClients.Examples.Api\CryptoClients.Examples.Api.csproj", "{4068C1D1-DCCC-451F-8542-4ADAAF7086C4}"
EndProject
Project("{9A19103F-16F7-4668-BE54-9A1E7A4F7556}") = "CryptoClients.Examples.Blazor", "CryptoClients.Examples.Blazor\CryptoClients.Examples.Blazor.csproj", "{42D2A652-7713-4E39-9D07-F9135E07E5A9}"
EndProject
Project("{9A19103F-16F7-4668-BE54-9A1E7A4F7556}") = "StreamSymbolPrices", "StreamSymbolPrices\StreamSymbolPrices.csproj", "{907343AB-DCA2-45BB-B31D-CF4091A8BD95}"
EndProject
Project("{9A19103F-16F7-4668-BE54-9A1E7A4F7556}") = "RequestCurrentPrices", "RequestCurrentPrices\RequestCurrentPrices.csproj", "{A2DCF957-9F8D-44A1-94D5-BC9C7962BCDC}"
EndProject
Project("{9A19103F-16F7-4668-BE54-9A1E7A4F7556}") = "RequestSpotSymbols", "RequestSpotSymbols\RequestSpotSymbols.csproj", "{1CE8B5BF-D778-425A-979A-8B9805F489E2}"
EndProject
Project("{9A19103F-16F7-4668-BE54-9A1E7A4F7556}") = "StreamTrades", "StreamTrades\StreamTrades.csproj", "{FE48688D-6FDA-4853-AC7B-1744C2C408EA}"
EndProject
Project("{2150E333-8FDC-42A3-9474-1A3956D46DE8}") = "CryptoVisualizer", "CryptoVisualizer", "{02EA681E-C7D8-13C7-8484-4AC65E1B71E8}"
EndProject
Project("{FAE04EC0-301F-11D3-BF4B-00C04F79EFBC}") = "CryptoVisualizer.Net", "CryptoVisualizer.Net\CryptoVisualizer.Net\CryptoVisualizer.Net.csproj", "{F940EFF1-ECC6-A1AC-7808-8DF1353A83DA}"
EndProject
Project("{FAE04EC0-301F-11D3-BF4B-00C04F79EFBC}") = "CryptoVisualizer.Net.Android", "CryptoVisualizer.Net\CryptoVisualizer.Net.Android\CryptoVisualizer.Net.Android.csproj", "{20727FD1-6147-3C52-5749-50E2E3EFCF15}"
EndProject
Project("{FAE04EC0-301F-11D3-BF4B-00C04F79EFBC}") = "CryptoVisualizer.Net.Browser", "CryptoVisualizer.Net\CryptoVisualizer.Net.Browser\CryptoVisualizer.Net.Browser.csproj", "{7BBA40F9-EA9C-6EB9-AFD5-00FBA476AAF2}"
EndProject
Project("{FAE04EC0-301F-11D3-BF4B-00C04F79EFBC}") = "CryptoVisualizer.Net.Desktop", "CryptoVisualizer.Net\CryptoVisualizer.Net.Desktop\CryptoVisualizer.Net.Desktop.csproj", "{C7DE42B4-DBD6-3E59-E909-92CC23A62425}"
EndProject
Project("{FAE04EC0-301F-11D3-BF4B-00C04F79EFBC}") = "CryptoVisualizer.Net.iOS", "CryptoVisualizer.Net\CryptoVisualizer.Net.iOS\CryptoVisualizer.Net.iOS.csproj", "{15BEA6C8-4A17-ED05-D7B3-B8E69096CABC}"
EndProject
Global
	GlobalSection(SolutionConfigurationPlatforms) = preSolution
		Debug|Any CPU = Debug|Any CPU
		Release|Any CPU = Release|Any CPU
	EndGlobalSection
	GlobalSection(ProjectConfigurationPlatforms) = postSolution
		{C96AC596-0AFB-4F6B-AF43-FCEFBE4A9689}.Debug|Any CPU.ActiveCfg = Debug|Any CPU
		{C96AC596-0AFB-4F6B-AF43-FCEFBE4A9689}.Debug|Any CPU.Build.0 = Debug|Any CPU
		{C96AC596-0AFB-4F6B-AF43-FCEFBE4A9689}.Release|Any CPU.ActiveCfg = Release|Any CPU
		{C96AC596-0AFB-4F6B-AF43-FCEFBE4A9689}.Release|Any CPU.Build.0 = Release|Any CPU
		{8844B150-C6CD-437C-B038-F8E6DD5735CA}.Debug|Any CPU.ActiveCfg = Debug|Any CPU
		{8844B150-C6CD-437C-B038-F8E6DD5735CA}.Debug|Any CPU.Build.0 = Debug|Any CPU
		{8844B150-C6CD-437C-B038-F8E6DD5735CA}.Release|Any CPU.ActiveCfg = Release|Any CPU
		{8844B150-C6CD-437C-B038-F8E6DD5735CA}.Release|Any CPU.Build.0 = Release|Any CPU
		{4068C1D1-DCCC-451F-8542-4ADAAF7086C4}.Debug|Any CPU.ActiveCfg = Debug|Any CPU
		{4068C1D1-DCCC-451F-8542-4ADAAF7086C4}.Debug|Any CPU.Build.0 = Debug|Any CPU
		{4068C1D1-DCCC-451F-8542-4ADAAF7086C4}.Release|Any CPU.ActiveCfg = Release|Any CPU
		{4068C1D1-DCCC-451F-8542-4ADAAF7086C4}.Release|Any CPU.Build.0 = Release|Any CPU
		{42D2A652-7713-4E39-9D07-F9135E07E5A9}.Debug|Any CPU.ActiveCfg = Debug|Any CPU
		{42D2A652-7713-4E39-9D07-F9135E07E5A9}.Debug|Any CPU.Build.0 = Debug|Any CPU
		{42D2A652-7713-4E39-9D07-F9135E07E5A9}.Release|Any CPU.ActiveCfg = Release|Any CPU
		{42D2A652-7713-4E39-9D07-F9135E07E5A9}.Release|Any CPU.Build.0 = Release|Any CPU
		{907343AB-DCA2-45BB-B31D-CF4091A8BD95}.Debug|Any CPU.ActiveCfg = Debug|Any CPU
		{907343AB-DCA2-45BB-B31D-CF4091A8BD95}.Debug|Any CPU.Build.0 = Debug|Any CPU
		{907343AB-DCA2-45BB-B31D-CF4091A8BD95}.Release|Any CPU.ActiveCfg = Release|Any CPU
		{907343AB-DCA2-45BB-B31D-CF4091A8BD95}.Release|Any CPU.Build.0 = Release|Any CPU
		{A2DCF957-9F8D-44A1-94D5-BC9C7962BCDC}.Debug|Any CPU.ActiveCfg = Debug|Any CPU
		{A2DCF957-9F8D-44A1-94D5-BC9C7962BCDC}.Debug|Any CPU.Build.0 = Debug|Any CPU
		{A2DCF957-9F8D-44A1-94D5-BC9C7962BCDC}.Release|Any CPU.ActiveCfg = Release|Any CPU
		{A2DCF957-9F8D-44A1-94D5-BC9C7962BCDC}.Release|Any CPU.Build.0 = Release|Any CPU
		{1CE8B5BF-D778-425A-979A-8B9805F489E2}.Debug|Any CPU.ActiveCfg = Debug|Any CPU
		{1CE8B5BF-D778-425A-979A-8B9805F489E2}.Debug|Any CPU.Build.0 = Debug|Any CPU
		{1CE8B5BF-D778-425A-979A-8B9805F489E2}.Release|Any CPU.ActiveCfg = Release|Any CPU
		{1CE8B5BF-D778-425A-979A-8B9805F489E2}.Release|Any CPU.Build.0 = Release|Any CPU
		{FE48688D-6FDA-4853-AC7B-1744C2C408EA}.Debug|Any CPU.ActiveCfg = Debug|Any CPU
		{FE48688D-6FDA-4853-AC7B-1744C2C408EA}.Debug|Any CPU.Build.0 = Debug|Any CPU
		{FE48688D-6FDA-4853-AC7B-1744C2C408EA}.Release|Any CPU.ActiveCfg = Release|Any CPU
		{FE48688D-6FDA-4853-AC7B-1744C2C408EA}.Release|Any CPU.Build.0 = Release|Any CPU
		{F940EFF1-ECC6-A1AC-7808-8DF1353A83DA}.Debug|Any CPU.ActiveCfg = Debug|Any CPU
		{F940EFF1-ECC6-A1AC-7808-8DF1353A83DA}.Debug|Any CPU.Build.0 = Debug|Any CPU
		{F940EFF1-ECC6-A1AC-7808-8DF1353A83DA}.Release|Any CPU.ActiveCfg = Release|Any CPU
		{F940EFF1-ECC6-A1AC-7808-8DF1353A83DA}.Release|Any CPU.Build.0 = Release|Any CPU
		{20727FD1-6147-3C52-5749-50E2E3EFCF15}.Debug|Any CPU.ActiveCfg = Debug|Any CPU
		{20727FD1-6147-3C52-5749-50E2E3EFCF15}.Debug|Any CPU.Build.0 = Debug|Any CPU
		{20727FD1-6147-3C52-5749-50E2E3EFCF15}.Debug|Any CPU.Deploy.0 = Debug|Any CPU
		{20727FD1-6147-3C52-5749-50E2E3EFCF15}.Release|Any CPU.ActiveCfg = Release|Any CPU
		{20727FD1-6147-3C52-5749-50E2E3EFCF15}.Release|Any CPU.Build.0 = Release|Any CPU
		{20727FD1-6147-3C52-5749-50E2E3EFCF15}.Release|Any CPU.Deploy.0 = Release|Any CPU
		{7BBA40F9-EA9C-6EB9-AFD5-00FBA476AAF2}.Debug|Any CPU.ActiveCfg = Debug|Any CPU
		{7BBA40F9-EA9C-6EB9-AFD5-00FBA476AAF2}.Debug|Any CPU.Build.0 = Debug|Any CPU
		{7BBA40F9-EA9C-6EB9-AFD5-00FBA476AAF2}.Release|Any CPU.ActiveCfg = Release|Any CPU
		{7BBA40F9-EA9C-6EB9-AFD5-00FBA476AAF2}.Release|Any CPU.Build.0 = Release|Any CPU
		{C7DE42B4-DBD6-3E59-E909-92CC23A62425}.Debug|Any CPU.ActiveCfg = Debug|Any CPU
		{C7DE42B4-DBD6-3E59-E909-92CC23A62425}.Debug|Any CPU.Build.0 = Debug|Any CPU
		{C7DE42B4-DBD6-3E59-E909-92CC23A62425}.Release|Any CPU.ActiveCfg = Release|Any CPU
		{C7DE42B4-DBD6-3E59-E909-92CC23A62425}.Release|Any CPU.Build.0 = Release|Any CPU
		{15BEA6C8-4A17-ED05-D7B3-B8E69096CABC}.Debug|Any CPU.ActiveCfg = Debug|Any CPU
		{15BEA6C8-4A17-ED05-D7B3-B8E69096CABC}.Debug|Any CPU.Build.0 = Debug|Any CPU
		{15BEA6C8-4A17-ED05-D7B3-B8E69096CABC}.Debug|Any CPU.Deploy.0 = Debug|Any CPU
		{15BEA6C8-4A17-ED05-D7B3-B8E69096CABC}.Release|Any CPU.ActiveCfg = Release|Any CPU
		{15BEA6C8-4A17-ED05-D7B3-B8E69096CABC}.Release|Any CPU.Build.0 = Release|Any CPU
		{15BEA6C8-4A17-ED05-D7B3-B8E69096CABC}.Release|Any CPU.Deploy.0 = Release|Any CPU
	EndGlobalSection
	GlobalSection(SolutionProperties) = preSolution
		HideSolutionNode = FALSE
	EndGlobalSection
	GlobalSection(NestedProjects) = preSolution
		{F940EFF1-ECC6-A1AC-7808-8DF1353A83DA} = {02EA681E-C7D8-13C7-8484-4AC65E1B71E8}
		{20727FD1-6147-3C52-5749-50E2E3EFCF15} = {02EA681E-C7D8-13C7-8484-4AC65E1B71E8}
		{7BBA40F9-EA9C-6EB9-AFD5-00FBA476AAF2} = {02EA681E-C7D8-13C7-8484-4AC65E1B71E8}
		{C7DE42B4-DBD6-3E59-E909-92CC23A62425} = {02EA681E-C7D8-13C7-8484-4AC65E1B71E8}
		{15BEA6C8-4A17-ED05-D7B3-B8E69096CABC} = {02EA681E-C7D8-13C7-8484-4AC65E1B71E8}
	EndGlobalSection
	GlobalSection(ExtensibilityGlobals) = postSolution
		SolutionGuid = {D82E556A-8685-4C67-B111-8B800016388F}
	EndGlobalSection
EndGlobal
